
Microsoft Visual Studio Solution File, Format Version 12.00
# Visual Studio Version 17
VisualStudioVersion = 17.13.35818.85 d17.13
MinimumVisualStudioVersion = 10.0.40219.1
Project("{FAE04EC0-301F-11D3-BF4B-00C04F79EFBC}") = "modul5_103022300018", "modul5_103022300018.csproj", "{EAC06BDD-27DC-44DA-A4A8-B879641FA71F}"
EndProject
Global
	GlobalSection(SolutionConfigurationPlatforms) = preSolution
		Debug|Any CPU = Debug|Any CPU
		Release|Any CPU = Release|Any CPU
	EndGlobalSection
	GlobalSection(ProjectConfigurationPlatforms) = postSolution
		{EAC06BDD-27DC-44DA-A4A8-B879641FA71F}.Debug|Any CPU.ActiveCfg = Debug|Any CPU
		{EAC06BDD-27DC-44DA-A4A8-B879641FA71F}.Debug|Any CPU.Build.0 = Debug|Any CPU
		{EAC06BDD-27DC-44DA-A4A8-B879641FA71F}.Release|Any CPU.ActiveCfg = Release|Any CPU
		{EAC06BDD-27DC-44DA-A4A8-B879641FA71F}.Release|Any CPU.Build.0 = Release|Any CPU
	EndGlobalSection
	GlobalSection(SolutionProperties) = preSolution
		HideSolutionNode = FALSE
	EndGlobalSection
	GlobalSection(ExtensibilityGlobals) = postSolution
		SolutionGuid = {DCAB848F-27E8-4D41-9DC7-D654C48D98AC}
	EndGlobalSection
EndGlobal
